
Microsoft Visual Studio Solution File, Format Version 12.00
# Visual Studio Version 17
VisualStudioVersion = 17.4.33213.308
MinimumVisualStudioVersion = 10.0.40219.1
Project("{FAE04EC0-301F-11D3-BF4B-00C04F79EFBC}") = "Password Checker", "Password Checker.csproj", "{958C7F28-F630-4B26-B208-3002742C02AD}"
EndProject
Global
	GlobalSection(SolutionConfigurationPlatforms) = preSolution
		Debug|Any CPU = Debug|Any CPU
		Release|Any CPU = Release|Any CPU
	EndGlobalSection
	GlobalSection(ProjectConfigurationPlatforms) = postSolution
		{958C7F28-F630-4B26-B208-3002742C02AD}.Debug|Any CPU.ActiveCfg = Debug|Any CPU
		{958C7F28-F630-4B26-B208-3002742C02AD}.Debug|Any CPU.Build.0 = Debug|Any CPU
		{958C7F28-F630-4B26-B208-3002742C02AD}.Release|Any CPU.ActiveCfg = Release|Any CPU
		{958C7F28-F630-4B26-B208-3002742C02AD}.Release|Any CPU.Build.0 = Release|Any CPU
	EndGlobalSection
	GlobalSection(SolutionProperties) = preSolution
		HideSolutionNode = FALSE
	EndGlobalSection
	GlobalSection(ExtensibilityGlobals) = postSolution
		SolutionGuid = {5A7E7D5B-C506-4A39-89E4-30160D54F94B}
	EndGlobalSection
EndGlobal
